
Microsoft Visual Studio Solution File, Format Version 12.00
# Visual Studio Version 16
VisualStudioVersion = 16.0.30104.148
MinimumVisualStudioVersion = 10.0.40219.1
Project("{FAE04EC0-301F-11D3-BF4B-00C04F79EFBC}") = "GitvsBTanh", "GitvsBTanh\GitvsBTanh.csproj", "{CFDF0EFA-1658-4654-A033-3C758506A119}"
EndProject
Global
	GlobalSection(SolutionConfigurationPlatforms) = preSolution
		Debug|Any CPU = Debug|Any CPU
		Release|Any CPU = Release|Any CPU
	EndGlobalSection
	GlobalSection(ProjectConfigurationPlatforms) = postSolution
		{CFDF0EFA-1658-4654-A033-3C758506A119}.Debug|Any CPU.ActiveCfg = Debug|Any CPU
		{CFDF0EFA-1658-4654-A033-3C758506A119}.Debug|Any CPU.Build.0 = Debug|Any CPU
		{CFDF0EFA-1658-4654-A033-3C758506A119}.Release|Any CPU.ActiveCfg = Release|Any CPU
		{CFDF0EFA-1658-4654-A033-3C758506A119}.Release|Any CPU.Build.0 = Release|Any CPU
	EndGlobalSection
	GlobalSection(SolutionProperties) = preSolution
		HideSolutionNode = FALSE
	EndGlobalSection
	GlobalSection(ExtensibilityGlobals) = postSolution
		SolutionGuid = {53CD619A-AED4-4A72-9242-AD257EB1A85E}
	EndGlobalSection
EndGlobal
